// !$*UTF8*$!
{
	archiveVersion = 1;
	classes = {
	};
	objectVersion = 46;
	objects = {

/* Begin PBXBuildFile section */
		DE05F8FF1DA6F374004BCD43 /* AppDelegate.swift in Sources */ = {isa = PBXBuildFile; fileRef = DE05F8FE1DA6F374004BCD43 /* AppDelegate.swift */; };
		DE05F9011DA6F374004BCD43 /* ViewController.swift in Sources */ = {isa = PBXBuildFile; fileRef = DE05F9001DA6F374004BCD43 /* ViewController.swift */; };
		DE05F9041DA6F374004BCD43 /* Main.storyboard in Resources */ = {isa = PBXBuildFile; fileRef = DE05F9021DA6F374004BCD43 /* Main.storyboard */; };
		DE05F9071DA6F374004BCD43 /* DoIt.xcdatamodeld in Sources */ = {isa = PBXBuildFile; fileRef = DE05F9051DA6F374004BCD43 /* DoIt.xcdatamodeld */; };
		DE05F9091DA6F374004BCD43 /* Assets.xcassets in Resources */ = {isa = PBXBuildFile; fileRef = DE05F9081DA6F374004BCD43 /* Assets.xcassets */; };
		DE05F90C1DA6F374004BCD43 /* LaunchScreen.storyboard in Resources */ = {isa = PBXBuildFile; fileRef = DE05F90A1DA6F374004BCD43 /* LaunchScreen.storyboard */; };
		DE05F9141DA6F84C004BCD43 /* Task.swift in Sources */ = {isa = PBXBuildFile; fileRef = DE05F9131DA6F84C004BCD43 /* Task.swift */; };
/* End PBXBuildFile section */

/* Begin PBXFileReference section */
		DE05F8FB1DA6F374004BCD43 /* DoIt.app */ = {isa = PBXFileReference; explicitFileType = wrapper.application; includeInIndex = 0; path = DoIt.app; sourceTree = BUILT_PRODUCTS_DIR; };
		DE05F8FE1DA6F374004BCD43 /* AppDelegate.swift */ = {isa = PBXFileReference; lastKnownFileType = sourcecode.swift; path = AppDelegate.swift; sourceTree = "<group>"; };
		DE05F9001DA6F374004BCD43 /* ViewController.swift */ = {isa = PBXFileReference; lastKnownFileType = sourcecode.swift; path = ViewController.swift; sourceTree = "<group>"; };
		DE05F9031DA6F374004BCD43 /* Base */ = {isa = PBXFileReference; lastKnownFileType = file.storyboard; name = Base; path = Base.lproj/Main.storyboard; sourceTree = "<group>"; };
		DE05F9061DA6F374004BCD43 /* DoIt.xcdatamodel */ = {isa = PBXFileReference; lastKnownFileType = wrapper.xcdatamodel; path = DoIt.xcdatamodel; sourceTree = "<group>"; };
		DE05F9081DA6F374004BCD43 /* Assets.xcassets */ = {isa = PBXFileReference; lastKnownFileType = folder.assetcatalog; path = Assets.xcassets; sourceTree = "<group>"; };
		DE05F90B1DA6F374004BCD43 /* Base */ = {isa = PBXFileReference; lastKnownFileType = file.storyboard; name = Base; path = Base.lproj/LaunchScreen.storyboard; sourceTree = "<group>"; };
		DE05F90D1DA6F374004BCD43 /* Info.plist */ = {isa = PBXFileReference; lastKnownFileType = text.plist.xml; path = Info.plist; sourceTree = "<group>"; };
		DE05F9131DA6F84C004BCD43 /* Task.swift */ = {isa = PBXFileReference; fileEncoding = 4; lastKnownFileType = sourcecode.swift; path = Task.swift; sourceTree = "<group>"; };
/* End PBXFileReference section */

/* Begin PBXFrameworksBuildPhase section */
		DE05F8F81DA6F374004BCD43 /* Frameworks */ = {
			isa = PBXFrameworksBuildPhase;
			buildActionMask = 2147483647;
			files = (
			);
			runOnlyForDeploymentPostprocessing = 0;
		};
/* End PBXFrameworksBuildPhase section */

/* Begin PBXGroup section */
		DE05F8F21DA6F374004BCD43 = {
			isa = PBXGroup;
			children = (
				DE05F8FD1DA6F374004BCD43 /* DoIt */,
				DE05F8FC1DA6F374004BCD43 /* Products */,
			);
			sourceTree = "<group>";
		};
		DE05F8FC1DA6F374004BCD43 /* Products */ = {
			isa = PBXGroup;
			children = (
				DE05F8FB1DA6F374004BCD43 /* DoIt.app */,
			);
			name = Products;
			sourceTree = "<group>";
		};
		DE05F8FD1DA6F374004BCD43 /* DoIt */ = {
			isa = PBXGroup;
			children = (
				DE05F8FE1DA6F374004BCD43 /* AppDelegate.swift */,
				DE05F9001DA6F374004BCD43 /* ViewController.swift */,
				DE05F9131DA6F84C004BCD43 /* Task.swift */,
				DE05F9021DA6F374004BCD43 /* Main.storyboard */,
				DE05F9081DA6F374004BCD43 /* Assets.xcassets */,
				DE05F90A1DA6F374004BCD43 /* LaunchScreen.storyboard */,
				DE05F90D1DA6F374004BCD43 /* Info.plist */,
				DE05F9051DA6F374004BCD43 /* DoIt.xcdatamodeld */,
			);
			path = DoIt;
			sourceTree = "<group>";
		};
/* End PBXGroup section */

/* Begin PBXNativeTarget section */
		DE05F8FA1DA6F374004BCD43 /* DoIt */ = {
			isa = PBXNativeTarget;
			buildConfigurationList = DE05F9101DA6F374004BCD43 /* Build configuration list for PBXNativeTarget "DoIt" */;
			buildPhases = (
				DE05F8F71DA6F374004BCD43 /* Sources */,
				DE05F8F81DA6F374004BCD43 /* Frameworks */,
				DE05F8F91DA6F374004BCD43 /* Resources */,
			);
			buildRules = (
			);
			dependencies = (
			);
			name = DoIt;
			productName = DoIt;
			productReference = DE05F8FB1DA6F374004BCD43 /* DoIt.app */;
			productType = "com.apple.product-type.application";
		};
/* End PBXNativeTarget section */

/* Begin PBXProject section */
		DE05F8F31DA6F374004BCD43 /* Project object */ = {
			isa = PBXProject;
			attributes = {
				LastSwiftUpdateCheck = 0800;
				LastUpgradeCheck = 0800;
				ORGANIZATIONNAME = Merritte;
				TargetAttributes = {
					DE05F8FA1DA6F374004BCD43 = {
						CreatedOnToolsVersion = 8.0;
						ProvisioningStyle = Automatic;
					};
				};
			};
			buildConfigurationList = DE05F8F61DA6F374004BCD43 /* Build configuration list for PBXProject "DoIt" */;
			compatibilityVersion = "Xcode 3.2";
			developmentRegion = English;
			hasScannedForEncodings = 0;
			knownRegions = (
				en,
				Base,
			);
			mainGroup = DE05F8F21DA6F374004BCD43;
			productRefGroup = DE05F8FC1DA6F374004BCD43 /* Products */;
			projectDirPath = "";
			projectRoot = "";
			targets = (
				DE05F8FA1DA6F374004BCD43 /* DoIt */,
			);
		};
/* End PBXProject section */

/* Begin PBXResourcesBuildPhase section */
		DE05F8F91DA6F374004BCD43 /* Resources */ = {
			isa = PBXResourcesBuildPhase;
			buildActionMask = 2147483647;
			files = (
				DE05F90C1DA6F374004BCD43 /* LaunchScreen.storyboard in Resources */,
				DE05F9091DA6F374004BCD43 /* Assets.xcassets in Resources */,
				DE05F9041DA6F374004BCD43 /* Main.storyboard in Resources */,
			);
			runOnlyForDeploymentPostprocessing = 0;
		};
/* End PBXResourcesBuildPhase section */

/* Begin PBXSourcesBuildPhase section */
		DE05F8F71DA6F374004BCD43 /* Sources */ = {
			isa = PBXSourcesBuildPhase;
			buildActionMask = 2147483647;
			files = (
				DE05F9141DA6F84C004BCD43 /* Task.swift in Sources */,
				DE05F9071DA6F374004BCD43 /* DoIt.xcdatamodeld in Sources */,
				DE05F9011DA6F374004BCD43 /* ViewController.swift in Sources */,
				DE05F8FF1DA6F374004BCD43 /* AppDelegate.swift in Sources */,
			);
			runOnlyForDeploymentPostprocessing = 0;
		};
/* End PBXSourcesBuildPhase section */

/* Begin PBXVariantGroup section */
		DE05F9021DA6F374004BCD43 /* Main.storyboard */ = {
			isa = PBXVariantGroup;
			children = (
				DE05F9031DA6F374004BCD43 /* Base */,
			);
			name = Main.storyboard;
			sourceTree = "<group>";
		};
		DE05F90A1DA6F374004BCD43 /* LaunchScreen.storyboard */ = {
			isa = PBXVariantGroup;
			children = (
				DE05F90B1DA6F374004BCD43 /* Base */,
			);
			name = LaunchScreen.storyboard;
			sourceTree = "<group>";
		};
/* End PBXVariantGroup section */

/* Begin XCBuildConfiguration section */
		DE05F90E1DA6F374004BCD43 /* Debug */ = {
			isa = XCBuildConfiguration;
			buildSettings = {
				ALWAYS_SEARCH_USER_PATHS = NO;
				CLANG_ANALYZER_NONNULL = YES;
				CLANG_CXX_LANGUAGE_STANDARD = "gnu++0x";
				CLANG_CXX_LIBRARY = "libc++";
				CLANG_ENABLE_MODULES = YES;
				CLANG_ENABLE_OBJC_ARC = YES;
				CLANG_WARN_BOOL_CONVERSION = YES;
				CLANG_WARN_CONSTANT_CONVERSION = YES;
				CLANG_WARN_DIRECT_OBJC_ISA_USAGE = YES_ERROR;
				CLANG_WARN_DOCUMENTATION_COMMENTS = YES;
				CLANG_WARN_EMPTY_BODY = YES;
				CLANG_WARN_ENUM_CONVERSION = YES;
				CLANG_WARN_INFINITE_RECURSION = YES;
				CLANG_WARN_INT_CONVERSION = YES;
				CLANG_WARN_OBJC_ROOT_CLASS = YES_ERROR;
				CLANG_WARN_SUSPICIOUS_MOVES = YES;
				CLANG_WARN_UNREACHABLE_CODE = YES;
				CLANG_WARN__DUPLICATE_METHOD_MATCH = YES;
				"CODE_SIGN_IDENTITY[sdk=iphoneos*]" = "iPhone Developer";
				COPY_PHASE_STRIP = NO;
				DEBUG_INFORMATION_FORMAT = dwarf;
				ENABLE_STRICT_OBJC_MSGSEND = YES;
				ENABLE_TESTABILITY = YES;
				GCC_C_LANGUAGE_STANDARD = gnu99;
				GCC_DYNAMIC_NO_PIC = NO;
				GCC_NO_COMMON_BLOCKS = YES;
				GCC_OPTIMIZATION_LEVEL = 0;
				GCC_PREPROCESSOR_DEFINITIONS = (
					"DEBUG=1",
					"$(inherited)",
				);
				GCC_WARN_64_TO_32_BIT_CONVERSION = YES;
				GCC_WARN_ABOUT_RETURN_TYPE = YES_ERROR;
				GCC_WARN_UNDECLARED_SELECTOR = YES;
				GCC_WARN_UNINITIALIZED_AUTOS = YES_AGGRESSIVE;
				GCC_WARN_UNUSED_FUNCTION = YES;
				GCC_WARN_UNUSED_VARIABLE = YES;
				IPHONEOS_DEPLOYMENT_TARGET = 10.0;
				MTL_ENABLE_DEBUG_INFO = YES;
				ONLY_ACTIVE_ARCH = YES;
				SDKROOT = iphoneos;
				SWIFT_ACTIVE_COMPILATION_CONDITIONS = DEBUG;
				SWIFT_OPTIMIZATION_LEVEL = "-Onone";
				TARGETED_DEVICE_FAMILY = "1,2";
			};
			name = Debug;
		};
		DE05F90F1DA6F374004BCD43 /* Release */ = {
			isa = XCBuildConfiguration;
			buildSettings = {
				ALWAYS_SEARCH_USER_PATHS = NO;
				CLANG_ANALYZER_NONNULL = YES;
				CLANG_CXX_LANGUAGE_STANDARD = "gnu++0x";
				CLANG_CXX_LIBRARY = "libc++";
				CLANG_ENABLE_MODULES = YES;
				CLANG_ENABLE_OBJC_ARC = YES;
				CLANG_WARN_BOOL_CONVERSION = YES;
				CLANG_WARN_CONSTANT_CONVERSION = YES;
				CLANG_WARN_DIRECT_OBJC_ISA_USAGE = YES_ERROR;
				CLANG_WARN_DOCUMENTATION_COMMENTS = YES;
				CLANG_WARN_EMPTY_BODY = YES;
				CLANG_WARN_ENUM_CONVERSION = YES;
				CLANG_WARN_INFINITE_RECURSION = YES;
				CLANG_WARN_INT_CONVERSION = YES;
				CLANG_WARN_OBJC_ROOT_CLASS = YES_ERROR;
				CLANG_WARN_SUSPICIOUS_MOVES = YES;
				CLANG_WARN_UNREACHABLE_CODE = YES;
				CLANG_WARN__DUPLICATE_METHOD_MATCH = YES;
				"CODE_SIGN_IDENTITY[sdk=iphoneos*]" = "iPhone Developer";
				COPY_PHASE_STRIP = NO;
				DEBUG_INFORMATION_FORMAT = "dwarf-with-dsym";
				ENABLE_NS_ASSERTIONS = NO;
				ENABLE_STRICT_OBJC_MSGSEND = YES;
				GCC_C_LANGUAGE_STANDARD = gnu99;
				GCC_NO_COMMON_BLOCKS = YES;
				GCC_WARN_64_TO_32_BIT_CONVERSION = YES;
				GCC_WARN_ABOUT_RETURN_TYPE = YES_ERROR;
				GCC_WARN_UNDECLARED_SELECTOR = YES;
				GCC_WARN_UNINITIALIZED_AUTOS = YES_AGGRESSIVE;
				GCC_WARN_UNUSED_FUNCTION = YES;
				GCC_WARN_UNUSED_VARIABLE = YES;
				IPHONEOS_DEPLOYMENT_TARGET = 10.0;
				MTL_ENABLE_DEBUG_INFO = NO;
				SDKROOT = iphoneos;
				SWIFT_OPTIMIZATION_LEVEL = "-Owholemodule";
				TARGETED_DEVICE_FAMILY = "1,2";
				VALIDATE_PRODUCT = YES;
			};
			name = Release;
		};
		DE05F9111DA6F374004BCD43 /* Debug */ = {
			isa = XCBuildConfiguration;
			buildSettings = {
				ASSETCATALOG_COMPILER_APPICON_NAME = AppIcon;
				INFOPLIST_FILE = DoIt/Info.plist;
				LD_RUNPATH_SEARCH_PATHS = "$(inherited) @executable_path/Frameworks";
				PRODUCT_BUNDLE_IDENTIFIER = Self.edu.merritte.DoIt;
				PRODUCT_NAME = "$(TARGET_NAME)";
				SWIFT_VERSION = 3.0;
			};
			name = Debug;
		};
		DE05F9121DA6F374004BCD43 /* Release */ = {
			isa = XCBuildConfiguration;
			buildSettings = {
				ASSETCATALOG_COMPILER_APPICON_NAME = AppIcon;
				INFOPLIST_FILE = DoIt/Info.plist;
				LD_RUNPATH_SEARCH_PATHS = "$(inherited) @executable_path/Frameworks";
				PRODUCT_BUNDLE_IDENTIFIER = Self.edu.merritte.DoIt;
				PRODUCT_NAME = "$(TARGET_NAME)";
				SWIFT_VERSION = 3.0;
			};
			name = Release;
		};
/* End XCBuildConfiguration section */

/* Begin XCConfigurationList section */
		DE05F8F61DA6F374004BCD43 /* Build configuration list for PBXProject "DoIt" */ = {
			isa = XCConfigurationList;
			buildConfigurations = (
				DE05F90E1DA6F374004BCD43 /* Debug */,
				DE05F90F1DA6F374004BCD43 /* Release */,
			);
			defaultConfigurationIsVisible = 0;
			defaultConfigurationName = Release;
		};
		DE05F9101DA6F374004BCD43 /* Build configuration list for PBXNativeTarget "DoIt" */ = {
			isa = XCConfigurationList;
			buildConfigurations = (
				DE05F9111DA6F374004BCD43 /* Debug */,
				DE05F9121DA6F374004BCD43 /* Release */,
			);
			defaultConfigurationIsVisible = 0;
		};
/* End XCConfigurationList section */

/* Begin XCVersionGroup section */
		DE05F9051DA6F374004BCD43 /* DoIt.xcdatamodeld */ = {
			isa = XCVersionGroup;
			children = (
				DE05F9061DA6F374004BCD43 /* DoIt.xcdatamodel */,
			);
			currentVersion = DE05F9061DA6F374004BCD43 /* DoIt.xcdatamodel */;
			path = DoIt.xcdatamodeld;
			sourceTree = "<group>";
			versionGroupType = wrapper.xcdatamodel;
		};
/* End XCVersionGroup section */
	};
	rootObject = DE05F8F31DA6F374004BCD43 /* Project object */;
}
